
Microsoft Visual Studio Solution File, Format Version 12.00
# Visual Studio 2012
Project("{FAE04EC0-301F-11D3-BF4B-00C04F79EFBC}") = "inkom-sem", "inkom-sem.csproj", "{DBAD8BDC-FA98-4A16-A190-49117EA70891}"
EndProject
Global
	GlobalSection(SolutionConfigurationPlatforms) = preSolution
		Debug|Any CPU = Debug|Any CPU
		Release|Any CPU = Release|Any CPU
	EndGlobalSection
	GlobalSection(ProjectConfigurationPlatforms) = postSolution
		{DBAD8BDC-FA98-4A16-A190-49117EA70891}.Debug|Any CPU.ActiveCfg = Debug|Any CPU
		{DBAD8BDC-FA98-4A16-A190-49117EA70891}.Debug|Any CPU.Build.0 = Debug|Any CPU
		{DBAD8BDC-FA98-4A16-A190-49117EA70891}.Release|Any CPU.ActiveCfg = Release|Any CPU
		{DBAD8BDC-FA98-4A16-A190-49117EA70891}.Release|Any CPU.Build.0 = Release|Any CPU
	EndGlobalSection
	GlobalSection(SolutionProperties) = preSolution
		HideSolutionNode = FALSE
	EndGlobalSection
EndGlobal
